
Microsoft Visual Studio Solution File, Format Version 12.00
# Visual Studio Version 17
VisualStudioVersion = 17.7.34024.191
MinimumVisualStudioVersion = 10.0.40219.1
Project("{888888A0-9F3D-457C-B088-3A5042F75D52}") = "524. Longest Word in Dictionary through Deleting", "524. Longest Word in Dictionary through Deleting.pyproj", "{1EA23BCB-A4BB-47C1-A513-472AFB385D33}"
EndProject
Global
	GlobalSection(SolutionConfigurationPlatforms) = preSolution
		Debug|Any CPU = Debug|Any CPU
		Release|Any CPU = Release|Any CPU
	EndGlobalSection
	GlobalSection(ProjectConfigurationPlatforms) = postSolution
		{1EA23BCB-A4BB-47C1-A513-472AFB385D33}.Debug|Any CPU.ActiveCfg = Debug|Any CPU
		{1EA23BCB-A4BB-47C1-A513-472AFB385D33}.Release|Any CPU.ActiveCfg = Release|Any CPU
	EndGlobalSection
	GlobalSection(SolutionProperties) = preSolution
		HideSolutionNode = FALSE
	EndGlobalSection
	GlobalSection(ExtensibilityGlobals) = postSolution
		SolutionGuid = {AC1746FD-5DDF-49CA-B451-84EE12616CF0}
	EndGlobalSection
EndGlobal
